// !$*UTF8*$!
{
	archiveVersion = 1;
	classes = {
	};
	objectVersion = 46;
	objects = {

/* Begin PBXBuildFile section */
		F8838C841C1C4F7C00D77207 /* AppDelegate.swift in Sources */ = {isa = PBXBuildFile; fileRef = F8838C831C1C4F7C00D77207 /* AppDelegate.swift */; };
		F8838C861C1C4F7C00D77207 /* ViewController.swift in Sources */ = {isa = PBXBuildFile; fileRef = F8838C851C1C4F7C00D77207 /* ViewController.swift */; };
		F8838C891C1C4F7C00D77207 /* Main.storyboard in Resources */ = {isa = PBXBuildFile; fileRef = F8838C871C1C4F7C00D77207 /* Main.storyboard */; };
		F8838C8B1C1C4F7C00D77207 /* Assets.xcassets in Resources */ = {isa = PBXBuildFile; fileRef = F8838C8A1C1C4F7C00D77207 /* Assets.xcassets */; };
		F8838C8E1C1C4F7C00D77207 /* LaunchScreen.storyboard in Resources */ = {isa = PBXBuildFile; fileRef = F8838C8C1C1C4F7C00D77207 /* LaunchScreen.storyboard */; };
		F8838C991C1C4F7C00D77207 /* FredriksMapAppTests.swift in Sources */ = {isa = PBXBuildFile; fileRef = F8838C981C1C4F7C00D77207 /* FredriksMapAppTests.swift */; };
		F8838CA41C1C4F7C00D77207 /* FredriksMapAppUITests.swift in Sources */ = {isa = PBXBuildFile; fileRef = F8838CA31C1C4F7C00D77207 /* FredriksMapAppUITests.swift */; };
/* End PBXBuildFile section */

/* Begin PBXContainerItemProxy section */
		F8838C951C1C4F7C00D77207 /* PBXContainerItemProxy */ = {
			isa = PBXContainerItemProxy;
			containerPortal = F8838C781C1C4F7B00D77207 /* Project object */;
			proxyType = 1;
			remoteGlobalIDString = F8838C7F1C1C4F7B00D77207;
			remoteInfo = FredriksMapApp;
		};
		F8838CA01C1C4F7C00D77207 /* PBXContainerItemProxy */ = {
			isa = PBXContainerItemProxy;
			containerPortal = F8838C781C1C4F7B00D77207 /* Project object */;
			proxyType = 1;
			remoteGlobalIDString = F8838C7F1C1C4F7B00D77207;
			remoteInfo = FredriksMapApp;
		};
/* End PBXContainerItemProxy section */

/* Begin PBXFileReference section */
		F8838C801C1C4F7C00D77207 /* FredriksMapApp.app */ = {isa = PBXFileReference; explicitFileType = wrapper.application; includeInIndex = 0; path = FredriksMapApp.app; sourceTree = BUILT_PRODUCTS_DIR; };
		F8838C831C1C4F7C00D77207 /* AppDelegate.swift */ = {isa = PBXFileReference; lastKnownFileType = sourcecode.swift; path = AppDelegate.swift; sourceTree = "<group>"; };
		F8838C851C1C4F7C00D77207 /* ViewController.swift */ = {isa = PBXFileReference; lastKnownFileType = sourcecode.swift; path = ViewController.swift; sourceTree = "<group>"; };
		F8838C881C1C4F7C00D77207 /* Base */ = {isa = PBXFileReference; lastKnownFileType = file.storyboard; name = Base; path = Base.lproj/Main.storyboard; sourceTree = "<group>"; };
		F8838C8A1C1C4F7C00D77207 /* Assets.xcassets */ = {isa = PBXFileReference; lastKnownFileType = folder.assetcatalog; path = Assets.xcassets; sourceTree = "<group>"; };
		F8838C8D1C1C4F7C00D77207 /* Base */ = {isa = PBXFileReference; lastKnownFileType = file.storyboard; name = Base; path = Base.lproj/LaunchScreen.storyboard; sourceTree = "<group>"; };
		F8838C8F1C1C4F7C00D77207 /* Info.plist */ = {isa = PBXFileReference; lastKnownFileType = text.plist.xml; path = Info.plist; sourceTree = "<group>"; };
		F8838C941C1C4F7C00D77207 /* FredriksMapAppTests.xctest */ = {isa = PBXFileReference; explicitFileType = wrapper.cfbundle; includeInIndex = 0; path = FredriksMapAppTests.xctest; sourceTree = BUILT_PRODUCTS_DIR; };
		F8838C981C1C4F7C00D77207 /* FredriksMapAppTests.swift */ = {isa = PBXFileReference; lastKnownFileType = sourcecode.swift; path = FredriksMapAppTests.swift; sourceTree = "<group>"; };
		F8838C9A1C1C4F7C00D77207 /* Info.plist */ = {isa = PBXFileReference; lastKnownFileType = text.plist.xml; path = Info.plist; sourceTree = "<group>"; };
		F8838C9F1C1C4F7C00D77207 /* FredriksMapAppUITests.xctest */ = {isa = PBXFileReference; explicitFileType = wrapper.cfbundle; includeInIndex = 0; path = FredriksMapAppUITests.xctest; sourceTree = BUILT_PRODUCTS_DIR; };
		F8838CA31C1C4F7C00D77207 /* FredriksMapAppUITests.swift */ = {isa = PBXFileReference; lastKnownFileType = sourcecode.swift; path = FredriksMapAppUITests.swift; sourceTree = "<group>"; };
		F8838CA51C1C4F7C00D77207 /* Info.plist */ = {isa = PBXFileReference; lastKnownFileType = text.plist.xml; path = Info.plist; sourceTree = "<group>"; };
/* End PBXFileReference section */

/* Begin PBXFrameworksBuildPhase section */
		F8838C7D1C1C4F7B00D77207 /* Frameworks */ = {
			isa = PBXFrameworksBuildPhase;
			buildActionMask = 2147483647;
			files = (
			);
			runOnlyForDeploymentPostprocessing = 0;
		};
		F8838C911C1C4F7C00D77207 /* Frameworks */ = {
			isa = PBXFrameworksBuildPhase;
			buildActionMask = 2147483647;
			files = (
			);
			runOnlyForDeploymentPostprocessing = 0;
		};
		F8838C9C1C1C4F7C00D77207 /* Frameworks */ = {
			isa = PBXFrameworksBuildPhase;
			buildActionMask = 2147483647;
			files = (
			);
			runOnlyForDeploymentPostprocessing = 0;
		};
/* End PBXFrameworksBuildPhase section */

/* Begin PBXGroup section */
		F8838C771C1C4F7B00D77207 = {
			isa = PBXGroup;
			children = (
				F8838C821C1C4F7C00D77207 /* FredriksMapApp */,
				F8838C971C1C4F7C00D77207 /* FredriksMapAppTests */,
				F8838CA21C1C4F7C00D77207 /* FredriksMapAppUITests */,
				F8838C811C1C4F7C00D77207 /* Products */,
			);
			sourceTree = "<group>";
		};
		F8838C811C1C4F7C00D77207 /* Products */ = {
			isa = PBXGroup;
			children = (
				F8838C801C1C4F7C00D77207 /* FredriksMapApp.app */,
				F8838C941C1C4F7C00D77207 /* FredriksMapAppTests.xctest */,
				F8838C9F1C1C4F7C00D77207 /* FredriksMapAppUITests.xctest */,
			);
			name = Products;
			sourceTree = "<group>";
		};
		F8838C821C1C4F7C00D77207 /* FredriksMapApp */ = {
			isa = PBXGroup;
			children = (
				F8838C831C1C4F7C00D77207 /* AppDelegate.swift */,
				F8838C851C1C4F7C00D77207 /* ViewController.swift */,
				F8838C871C1C4F7C00D77207 /* Main.storyboard */,
				F8838C8A1C1C4F7C00D77207 /* Assets.xcassets */,
				F8838C8C1C1C4F7C00D77207 /* LaunchScreen.storyboard */,
				F8838C8F1C1C4F7C00D77207 /* Info.plist */,
			);
			path = FredriksMapApp;
			sourceTree = "<group>";
		};
		F8838C971C1C4F7C00D77207 /* FredriksMapAppTests */ = {
			isa = PBXGroup;
			children = (
				F8838C981C1C4F7C00D77207 /* FredriksMapAppTests.swift */,
				F8838C9A1C1C4F7C00D77207 /* Info.plist */,
			);
			path = FredriksMapAppTests;
			sourceTree = "<group>";
		};
		F8838CA21C1C4F7C00D77207 /* FredriksMapAppUITests */ = {
			isa = PBXGroup;
			children = (
				F8838CA31C1C4F7C00D77207 /* FredriksMapAppUITests.swift */,
				F8838CA51C1C4F7C00D77207 /* Info.plist */,
			);
			path = FredriksMapAppUITests;
			sourceTree = "<group>";
		};
/* End PBXGroup section */

/* Begin PBXNativeTarget section */
		F8838C7F1C1C4F7B00D77207 /* FredriksMapApp */ = {
			isa = PBXNativeTarget;
			buildConfigurationList = F8838CA81C1C4F7C00D77207 /* Build configuration list for PBXNativeTarget "FredriksMapApp" */;
			buildPhases = (
				F8838C7C1C1C4F7B00D77207 /* Sources */,
				F8838C7D1C1C4F7B00D77207 /* Frameworks */,
				F8838C7E1C1C4F7B00D77207 /* Resources */,
			);
			buildRules = (
			);
			dependencies = (
			);
			name = FredriksMapApp;
			productName = FredriksMapApp;
			productReference = F8838C801C1C4F7C00D77207 /* FredriksMapApp.app */;
			productType = "com.apple.product-type.application";
		};
		F8838C931C1C4F7C00D77207 /* FredriksMapAppTests */ = {
			isa = PBXNativeTarget;
			buildConfigurationList = F8838CAB1C1C4F7C00D77207 /* Build configuration list for PBXNativeTarget "FredriksMapAppTests" */;
			buildPhases = (
				F8838C901C1C4F7C00D77207 /* Sources */,
				F8838C911C1C4F7C00D77207 /* Frameworks */,
				F8838C921C1C4F7C00D77207 /* Resources */,
			);
			buildRules = (
			);
			dependencies = (
				F8838C961C1C4F7C00D77207 /* PBXTargetDependency */,
			);
			name = FredriksMapAppTests;
			productName = FredriksMapAppTests;
			productReference = F8838C941C1C4F7C00D77207 /* FredriksMapAppTests.xctest */;
			productType = "com.apple.product-type.bundle.unit-test";
		};
		F8838C9E1C1C4F7C00D77207 /* FredriksMapAppUITests */ = {
			isa = PBXNativeTarget;
			buildConfigurationList = F8838CAE1C1C4F7C00D77207 /* Build configuration list for PBXNativeTarget "FredriksMapAppUITests" */;
			buildPhases = (
				F8838C9B1C1C4F7C00D77207 /* Sources */,
				F8838C9C1C1C4F7C00D77207 /* Frameworks */,
				F8838C9D1C1C4F7C00D77207 /* Resources */,
			);
			buildRules = (
			);
			dependencies = (
				F8838CA11C1C4F7C00D77207 /* PBXTargetDependency */,
			);
			name = FredriksMapAppUITests;
			productName = FredriksMapAppUITests;
			productReference = F8838C9F1C1C4F7C00D77207 /* FredriksMapAppUITests.xctest */;
			productType = "com.apple.product-type.bundle.ui-testing";
		};
/* End PBXNativeTarget section */

/* Begin PBXProject section */
		F8838C781C1C4F7B00D77207 /* Project object */ = {
			isa = PBXProject;
			attributes = {
				LastSwiftUpdateCheck = 0720;
				LastUpgradeCheck = 0720;
				ORGANIZATIONNAME = "Knutsson-Savage AB";
				TargetAttributes = {
					F8838C7F1C1C4F7B00D77207 = {
						CreatedOnToolsVersion = 7.2;
					};
					F8838C931C1C4F7C00D77207 = {
						CreatedOnToolsVersion = 7.2;
						TestTargetID = F8838C7F1C1C4F7B00D77207;
					};
					F8838C9E1C1C4F7C00D77207 = {
						CreatedOnToolsVersion = 7.2;
						TestTargetID = F8838C7F1C1C4F7B00D77207;
					};
				};
			};
			buildConfigurationList = F8838C7B1C1C4F7B00D77207 /* Build configuration list for PBXProject "FredriksMapApp" */;
			compatibilityVersion = "Xcode 3.2";
			developmentRegion = English;
			hasScannedForEncodings = 0;
			knownRegions = (
				en,
				Base,
			);
			mainGroup = F8838C771C1C4F7B00D77207;
			productRefGroup = F8838C811C1C4F7C00D77207 /* Products */;
			projectDirPath = "";
			projectRoot = "";
			targets = (
				F8838C7F1C1C4F7B00D77207 /* FredriksMapApp */,
				F8838C931C1C4F7C00D77207 /* FredriksMapAppTests */,
				F8838C9E1C1C4F7C00D77207 /* FredriksMapAppUITests */,
			);
		};
/* End PBXProject section */

/* Begin PBXResourcesBuildPhase section */
		F8838C7E1C1C4F7B00D77207 /* Resources */ = {
			isa = PBXResourcesBuildPhase;
			buildActionMask = 2147483647;
			files = (
				F8838C8E1C1C4F7C00D77207 /* LaunchScreen.storyboard in Resources */,
				F8838C8B1C1C4F7C00D77207 /* Assets.xcassets in Resources */,
				F8838C891C1C4F7C00D77207 /* Main.storyboard in Resources */,
			);
			runOnlyForDeploymentPostprocessing = 0;
		};
		F8838C921C1C4F7C00D77207 /* Resources */ = {
			isa = PBXResourcesBuildPhase;
			buildActionMask = 2147483647;
			files = (
			);
			runOnlyForDeploymentPostprocessing = 0;
		};
		F8838C9D1C1C4F7C00D77207 /* Resources */ = {
			isa = PBXResourcesBuildPhase;
			buildActionMask = 2147483647;
			files = (
			);
			runOnlyForDeploymentPostprocessing = 0;
		};
/* End PBXResourcesBuildPhase section */

/* Begin PBXSourcesBuildPhase section */
		F8838C7C1C1C4F7B00D77207 /* Sources */ = {
			isa = PBXSourcesBuildPhase;
			buildActionMask = 2147483647;
			files = (
				F8838C861C1C4F7C00D77207 /* ViewController.swift in Sources */,
				F8838C841C1C4F7C00D77207 /* AppDelegate.swift in Sources */,
			);
			runOnlyForDeploymentPostprocessing = 0;
		};
		F8838C901C1C4F7C00D77207 /* Sources */ = {
			isa = PBXSourcesBuildPhase;
			buildActionMask = 2147483647;
			files = (
				F8838C991C1C4F7C00D77207 /* FredriksMapAppTests.swift in Sources */,
			);
			runOnlyForDeploymentPostprocessing = 0;
		};
		F8838C9B1C1C4F7C00D77207 /* Sources */ = {
			isa = PBXSourcesBuildPhase;
			buildActionMask = 2147483647;
			files = (
				F8838CA41C1C4F7C00D77207 /* FredriksMapAppUITests.swift in Sources */,
			);
			runOnlyForDeploymentPostprocessing = 0;
		};
/* End PBXSourcesBuildPhase section */

/* Begin PBXTargetDependency section */
		F8838C961C1C4F7C00D77207 /* PBXTargetDependency */ = {
			isa = PBXTargetDependency;
			target = F8838C7F1C1C4F7B00D77207 /* FredriksMapApp */;
			targetProxy = F8838C951C1C4F7C00D77207 /* PBXContainerItemProxy */;
		};
		F8838CA11C1C4F7C00D77207 /* PBXTargetDependency */ = {
			isa = PBXTargetDependency;
			target = F8838C7F1C1C4F7B00D77207 /* FredriksMapApp */;
			targetProxy = F8838CA01C1C4F7C00D77207 /* PBXContainerItemProxy */;
		};
/* End PBXTargetDependency section */

/* Begin PBXVariantGroup section */
		F8838C871C1C4F7C00D77207 /* Main.storyboard */ = {
			isa = PBXVariantGroup;
			children = (
				F8838C881C1C4F7C00D77207 /* Base */,
			);
			name = Main.storyboard;
			sourceTree = "<group>";
		};
		F8838C8C1C1C4F7C00D77207 /* LaunchScreen.storyboard */ = {
			isa = PBXVariantGroup;
			children = (
				F8838C8D1C1C4F7C00D77207 /* Base */,
			);
			name = LaunchScreen.storyboard;
			sourceTree = "<group>";
		};
/* End PBXVariantGroup section */

/* Begin XCBuildConfiguration section */
		F8838CA61C1C4F7C00D77207 /* Debug */ = {
			isa = XCBuildConfiguration;
			buildSettings = {
				ALWAYS_SEARCH_USER_PATHS = NO;
				CLANG_CXX_LANGUAGE_STANDARD = "gnu++0x";
				CLANG_CXX_LIBRARY = "libc++";
				CLANG_ENABLE_MODULES = YES;
				CLANG_ENABLE_OBJC_ARC = YES;
				CLANG_WARN_BOOL_CONVERSION = YES;
				CLANG_WARN_CONSTANT_CONVERSION = YES;
				CLANG_WARN_DIRECT_OBJC_ISA_USAGE = YES_ERROR;
				CLANG_WARN_EMPTY_BODY = YES;
				CLANG_WARN_ENUM_CONVERSION = YES;
				CLANG_WARN_INT_CONVERSION = YES;
				CLANG_WARN_OBJC_ROOT_CLASS = YES_ERROR;
				CLANG_WARN_UNREACHABLE_CODE = YES;
				CLANG_WARN__DUPLICATE_METHOD_MATCH = YES;
				"CODE_SIGN_IDENTITY[sdk=iphoneos*]" = "iPhone Developer";
				COPY_PHASE_STRIP = NO;
				DEBUG_INFORMATION_FORMAT = dwarf;
				ENABLE_STRICT_OBJC_MSGSEND = YES;
				ENABLE_TESTABILITY = YES;
				GCC_C_LANGUAGE_STANDARD = gnu99;
				GCC_DYNAMIC_NO_PIC = NO;
				GCC_NO_COMMON_BLOCKS = YES;
				GCC_OPTIMIZATION_LEVEL = 0;
				GCC_PREPROCESSOR_DEFINITIONS = (
					"DEBUG=1",
					"$(inherited)",
				);
				GCC_WARN_64_TO_32_BIT_CONVERSION = YES;
				GCC_WARN_ABOUT_RETURN_TYPE = YES_ERROR;
				GCC_WARN_UNDECLARED_SELECTOR = YES;
				GCC_WARN_UNINITIALIZED_AUTOS = YES_AGGRESSIVE;
				GCC_WARN_UNUSED_FUNCTION = YES;
				GCC_WARN_UNUSED_VARIABLE = YES;
				IPHONEOS_DEPLOYMENT_TARGET = 9.2;
				MTL_ENABLE_DEBUG_INFO = YES;
				ONLY_ACTIVE_ARCH = YES;
				SDKROOT = iphoneos;
				SWIFT_OPTIMIZATION_LEVEL = "-Onone";
			};
			name = Debug;
		};
		F8838CA71C1C4F7C00D77207 /* Release */ = {
			isa = XCBuildConfiguration;
			buildSettings = {
				ALWAYS_SEARCH_USER_PATHS = NO;
				CLANG_CXX_LANGUAGE_STANDARD = "gnu++0x";
				CLANG_CXX_LIBRARY = "libc++";
				CLANG_ENABLE_MODULES = YES;
				CLANG_ENABLE_OBJC_ARC = YES;
				CLANG_WARN_BOOL_CONVERSION = YES;
				CLANG_WARN_CONSTANT_CONVERSION = YES;
				CLANG_WARN_DIRECT_OBJC_ISA_USAGE = YES_ERROR;
				CLANG_WARN_EMPTY_BODY = YES;
				CLANG_WARN_ENUM_CONVERSION = YES;
				CLANG_WARN_INT_CONVERSION = YES;
				CLANG_WARN_OBJC_ROOT_CLASS = YES_ERROR;
				CLANG_WARN_UNREACHABLE_CODE = YES;
				CLANG_WARN__DUPLICATE_METHOD_MATCH = YES;
				"CODE_SIGN_IDENTITY[sdk=iphoneos*]" = "iPhone Developer";
				COPY_PHASE_STRIP = NO;
				DEBUG_INFORMATION_FORMAT = "dwarf-with-dsym";
				ENABLE_NS_ASSERTIONS = NO;
				ENABLE_STRICT_OBJC_MSGSEND = YES;
				GCC_C_LANGUAGE_STANDARD = gnu99;
				GCC_NO_COMMON_BLOCKS = YES;
				GCC_WARN_64_TO_32_BIT_CONVERSION = YES;
				GCC_WARN_ABOUT_RETURN_TYPE = YES_ERROR;
				GCC_WARN_UNDECLARED_SELECTOR = YES;
				GCC_WARN_UNINITIALIZED_AUTOS = YES_AGGRESSIVE;
				GCC_WARN_UNUSED_FUNCTION = YES;
				GCC_WARN_UNUSED_VARIABLE = YES;
				IPHONEOS_DEPLOYMENT_TARGET = 9.2;
				MTL_ENABLE_DEBUG_INFO = NO;
				SDKROOT = iphoneos;
				VALIDATE_PRODUCT = YES;
			};
			name = Release;
		};
		F8838CA91C1C4F7C00D77207 /* Debug */ = {
			isa = XCBuildConfiguration;
			buildSettings = {
				ASSETCATALOG_COMPILER_APPICON_NAME = AppIcon;
				INFOPLIST_FILE = FredriksMapApp/Info.plist;
				LD_RUNPATH_SEARCH_PATHS = "$(inherited) @executable_path/Frameworks";
				PRODUCT_BUNDLE_IDENTIFIER = com.example.knutssonsavage.FredriksMapApp;
				PRODUCT_NAME = "$(TARGET_NAME)";
			};
			name = Debug;
		};
		F8838CAA1C1C4F7C00D77207 /* Release */ = {
			isa = XCBuildConfiguration;
			buildSettings = {
				ASSETCATALOG_COMPILER_APPICON_NAME = AppIcon;
				INFOPLIST_FILE = FredriksMapApp/Info.plist;
				LD_RUNPATH_SEARCH_PATHS = "$(inherited) @executable_path/Frameworks";
				PRODUCT_BUNDLE_IDENTIFIER = com.example.knutssonsavage.FredriksMapApp;
				PRODUCT_NAME = "$(TARGET_NAME)";
			};
			name = Release;
		};
		F8838CAC1C1C4F7C00D77207 /* Debug */ = {
			isa = XCBuildConfiguration;
			buildSettings = {
				BUNDLE_LOADER = "$(TEST_HOST)";
				INFOPLIST_FILE = FredriksMapAppTests/Info.plist;
				LD_RUNPATH_SEARCH_PATHS = "$(inherited) @executable_path/Frameworks @loader_path/Frameworks";
				PRODUCT_BUNDLE_IDENTIFIER = com.example.knutssonsavage.FredriksMapAppTests;
				PRODUCT_NAME = "$(TARGET_NAME)";
				TEST_HOST = "$(BUILT_PRODUCTS_DIR)/FredriksMapApp.app/FredriksMapApp";
			};
			name = Debug;
		};
		F8838CAD1C1C4F7C00D77207 /* Release */ = {
			isa = XCBuildConfiguration;
			buildSettings = {
				BUNDLE_LOADER = "$(TEST_HOST)";
				INFOPLIST_FILE = FredriksMapAppTests/Info.plist;
				LD_RUNPATH_SEARCH_PATHS = "$(inherited) @executable_path/Frameworks @loader_path/Frameworks";
				PRODUCT_BUNDLE_IDENTIFIER = com.example.knutssonsavage.FredriksMapAppTests;
				PRODUCT_NAME = "$(TARGET_NAME)";
				TEST_HOST = "$(BUILT_PRODUCTS_DIR)/FredriksMapApp.app/FredriksMapApp";
			};
			name = Release;
		};
		F8838CAF1C1C4F7C00D77207 /* Debug */ = {
			isa = XCBuildConfiguration;
			buildSettings = {
				INFOPLIST_FILE = FredriksMapAppUITests/Info.plist;
				LD_RUNPATH_SEARCH_PATHS = "$(inherited) @executable_path/Frameworks @loader_path/Frameworks";
				PRODUCT_BUNDLE_IDENTIFIER = com.example.knutssonsavage.FredriksMapAppUITests;
				PRODUCT_NAME = "$(TARGET_NAME)";
				TEST_TARGET_NAME = FredriksMapApp;
				USES_XCTRUNNER = YES;
			};
			name = Debug;
		};
		F8838CB01C1C4F7C00D77207 /* Release */ = {
			isa = XCBuildConfiguration;
			buildSettings = {
				INFOPLIST_FILE = FredriksMapAppUITests/Info.plist;
				LD_RUNPATH_SEARCH_PATHS = "$(inherited) @executable_path/Frameworks @loader_path/Frameworks";
				PRODUCT_BUNDLE_IDENTIFIER = com.example.knutssonsavage.FredriksMapAppUITests;
				PRODUCT_NAME = "$(TARGET_NAME)";
				TEST_TARGET_NAME = FredriksMapApp;
				USES_XCTRUNNER = YES;
			};
			name = Release;
		};
/* End XCBuildConfiguration section */

/* Begin XCConfigurationList section */
		F8838C7B1C1C4F7B00D77207 /* Build configuration list for PBXProject "FredriksMapApp" */ = {
			isa = XCConfigurationList;
			buildConfigurations = (
				F8838CA61C1C4F7C00D77207 /* Debug */,
				F8838CA71C1C4F7C00D77207 /* Release */,
			);
			defaultConfigurationIsVisible = 0;
			defaultConfigurationName = Release;
		};
		F8838CA81C1C4F7C00D77207 /* Build configuration list for PBXNativeTarget "FredriksMapApp" */ = {
			isa = XCConfigurationList;
			buildConfigurations = (
				F8838CA91C1C4F7C00D77207 /* Debug */,
				F8838CAA1C1C4F7C00D77207 /* Release */,
			);
			defaultConfigurationIsVisible = 0;
		};
		F8838CAB1C1C4F7C00D77207 /* Build configuration list for PBXNativeTarget "FredriksMapAppTests" */ = {
			isa = XCConfigurationList;
			buildConfigurations = (
				F8838CAC1C1C4F7C00D77207 /* Debug */,
				F8838CAD1C1C4F7C00D77207 /* Release */,
			);
			defaultConfigurationIsVisible = 0;
		};
		F8838CAE1C1C4F7C00D77207 /* Build configuration list for PBXNativeTarget "FredriksMapAppUITests" */ = {
			isa = XCConfigurationList;
			buildConfigurations = (
				F8838CAF1C1C4F7C00D77207 /* Debug */,
				F8838CB01C1C4F7C00D77207 /* Release */,
			);
			defaultConfigurationIsVisible = 0;
		};
/* End XCConfigurationList section */
	};
	rootObject = F8838C781C1C4F7B00D77207 /* Project object */;
}
